
Microsoft Visual Studio Solution File, Format Version 12.00
# Visual Studio Version 16
VisualStudioVersion = 16.0.31112.23
MinimumVisualStudioVersion = 10.0.40219.1
Project("{2150E333-8FDC-42A3-9474-1A3956D46DE8}") = "Services", "Services", "{D0D0C088-74FC-42EC-B157-AB2B807BB059}"
EndProject
Project("{2150E333-8FDC-42A3-9474-1A3956D46DE8}") = "Catalog", "Catalog", "{15646E5D-C7AF-493E-921A-7E0884D0BDDF}"
EndProject
Project("{9A19103F-16F7-4668-BE54-9A1E7A4F7556}") = "Catalog.API", "Services\Catalog\Catalog.API\Catalog.API.csproj", "{14172847-12C6-4A62-8D15-902BBEAF3CFA}"
EndProject
Project("{E53339B2-1760-4266-BCC7-CA923CBCF16C}") = "docker-compose", "docker-compose.dcproj", "{1C89C9A3-E51E-4447-A38C-10C25188E709}"
EndProject
Global
	GlobalSection(SolutionConfigurationPlatforms) = preSolution
		Debug|Any CPU = Debug|Any CPU
		Release|Any CPU = Release|Any CPU
	EndGlobalSection
	GlobalSection(ProjectConfigurationPlatforms) = postSolution
		{14172847-12C6-4A62-8D15-902BBEAF3CFA}.Debug|Any CPU.ActiveCfg = Debug|Any CPU
		{14172847-12C6-4A62-8D15-902BBEAF3CFA}.Debug|Any CPU.Build.0 = Debug|Any CPU
		{14172847-12C6-4A62-8D15-902BBEAF3CFA}.Release|Any CPU.ActiveCfg = Release|Any CPU
		{14172847-12C6-4A62-8D15-902BBEAF3CFA}.Release|Any CPU.Build.0 = Release|Any CPU
		{1C89C9A3-E51E-4447-A38C-10C25188E709}.Debug|Any CPU.ActiveCfg = Debug|Any CPU
		{1C89C9A3-E51E-4447-A38C-10C25188E709}.Debug|Any CPU.Build.0 = Debug|Any CPU
		{1C89C9A3-E51E-4447-A38C-10C25188E709}.Release|Any CPU.ActiveCfg = Release|Any CPU
		{1C89C9A3-E51E-4447-A38C-10C25188E709}.Release|Any CPU.Build.0 = Release|Any CPU
	EndGlobalSection
	GlobalSection(SolutionProperties) = preSolution
		HideSolutionNode = FALSE
	EndGlobalSection
	GlobalSection(NestedProjects) = preSolution
		{15646E5D-C7AF-493E-921A-7E0884D0BDDF} = {D0D0C088-74FC-42EC-B157-AB2B807BB059}
		{14172847-12C6-4A62-8D15-902BBEAF3CFA} = {15646E5D-C7AF-493E-921A-7E0884D0BDDF}
	EndGlobalSection
	GlobalSection(ExtensibilityGlobals) = postSolution
		SolutionGuid = {7AC325E7-2D70-47E7-ACE9-BE15D9250999}
	EndGlobalSection
EndGlobal
