
Microsoft Visual Studio Solution File, Format Version 12.00
# Visual Studio Version 16
VisualStudioVersion = 16.0.31112.23
MinimumVisualStudioVersion = 10.0.40219.1
Project("{2150E333-8FDC-42A3-9474-1A3956D46DE8}") = "Services", "Services", "{D0D0C088-74FC-42EC-B157-AB2B807BB059}"
EndProject
Project("{2150E333-8FDC-42A3-9474-1A3956D46DE8}") = "Catalog", "Catalog", "{15646E5D-C7AF-493E-921A-7E0884D0BDDF}"
EndProject
Project("{9A19103F-16F7-4668-BE54-9A1E7A4F7556}") = "Catalog.API", "Services\Catalog\Catalog.API\Catalog.API.csproj", "{14172847-12C6-4A62-8D15-902BBEAF3CFA}"
EndProject
Project("{E53339B2-1760-4266-BCC7-CA923CBCF16C}") = "docker-compose", "docker-compose.dcproj", "{1C89C9A3-E51E-4447-A38C-10C25188E709}"
EndProject
Project("{2150E333-8FDC-42A3-9474-1A3956D46DE8}") = "Basket", "Basket", "{64223F85-95E4-4B5C-8972-AE27B29165A1}"
EndProject
Project("{9A19103F-16F7-4668-BE54-9A1E7A4F7556}") = "Basket.API", "Services\Basket\Basket.API\Basket.API.csproj", "{77046E4F-10C7-4112-99E0-8C534FCBE88D}"
EndProject
Project("{2150E333-8FDC-42A3-9474-1A3956D46DE8}") = "Discount", "Discount", "{BE2BB08B-E69A-4F91-8686-9156CF7EC591}"
EndProject
Project("{9A19103F-16F7-4668-BE54-9A1E7A4F7556}") = "Discount.API", "Services\Discount\Discount.API\Discount.API.csproj", "{7663D1D3-ED6B-40DB-9A37-CDED07CC565A}"
EndProject
Project("{9A19103F-16F7-4668-BE54-9A1E7A4F7556}") = "Discount.Grpc", "Services\Discount\Discount.Grpc\Discount.Grpc.csproj", "{1FFC8A15-8D63-4512-8450-CF314F474A12}"
EndProject
Project("{2150E333-8FDC-42A3-9474-1A3956D46DE8}") = "Ordering", "Ordering", "{E7BC5A14-3F1B-433B-89E4-117577D8E816}"
EndProject
Project("{FAE04EC0-301F-11D3-BF4B-00C04F79EFBC}") = "Ordering.API", "Services\Ordering\Ordering.API\Ordering.API.csproj", "{B57AE085-86C4-4B58-988E-1A15CFA6E78E}"
EndProject
Project("{FAE04EC0-301F-11D3-BF4B-00C04F79EFBC}") = "Ordering.Domain", "Services\Ordering\Ordering.Domain\Ordering.Domain.csproj", "{4226F04C-50BF-4FD6-826B-A008CC2B7089}"
EndProject
Project("{FAE04EC0-301F-11D3-BF4B-00C04F79EFBC}") = "Ordering.Application", "Services\Ordering\Ordering.Application\Ordering.Application.csproj", "{9670F5BD-437F-483B-97A7-0CD57CBB25DE}"
EndProject
Project("{FAE04EC0-301F-11D3-BF4B-00C04F79EFBC}") = "Ordering.Infrastructure", "Services\Ordering\Ordering.Infrastructure\Ordering.Infrastructure.csproj", "{9EC5B42B-B2ED-432A-9629-BA9816AEBFCF}"
EndProject
Global
	GlobalSection(SolutionConfigurationPlatforms) = preSolution
		Debug|Any CPU = Debug|Any CPU
		Release|Any CPU = Release|Any CPU
	EndGlobalSection
	GlobalSection(ProjectConfigurationPlatforms) = postSolution
		{14172847-12C6-4A62-8D15-902BBEAF3CFA}.Debug|Any CPU.ActiveCfg = Debug|Any CPU
		{14172847-12C6-4A62-8D15-902BBEAF3CFA}.Debug|Any CPU.Build.0 = Debug|Any CPU
		{14172847-12C6-4A62-8D15-902BBEAF3CFA}.Release|Any CPU.ActiveCfg = Release|Any CPU
		{14172847-12C6-4A62-8D15-902BBEAF3CFA}.Release|Any CPU.Build.0 = Release|Any CPU
		{1C89C9A3-E51E-4447-A38C-10C25188E709}.Debug|Any CPU.ActiveCfg = Debug|Any CPU
		{1C89C9A3-E51E-4447-A38C-10C25188E709}.Debug|Any CPU.Build.0 = Debug|Any CPU
		{1C89C9A3-E51E-4447-A38C-10C25188E709}.Release|Any CPU.ActiveCfg = Release|Any CPU
		{1C89C9A3-E51E-4447-A38C-10C25188E709}.Release|Any CPU.Build.0 = Release|Any CPU
		{77046E4F-10C7-4112-99E0-8C534FCBE88D}.Debug|Any CPU.ActiveCfg = Debug|Any CPU
		{77046E4F-10C7-4112-99E0-8C534FCBE88D}.Debug|Any CPU.Build.0 = Debug|Any CPU
		{77046E4F-10C7-4112-99E0-8C534FCBE88D}.Release|Any CPU.ActiveCfg = Release|Any CPU
		{77046E4F-10C7-4112-99E0-8C534FCBE88D}.Release|Any CPU.Build.0 = Release|Any CPU
		{7663D1D3-ED6B-40DB-9A37-CDED07CC565A}.Debug|Any CPU.ActiveCfg = Debug|Any CPU
		{7663D1D3-ED6B-40DB-9A37-CDED07CC565A}.Debug|Any CPU.Build.0 = Debug|Any CPU
		{7663D1D3-ED6B-40DB-9A37-CDED07CC565A}.Release|Any CPU.ActiveCfg = Release|Any CPU
		{7663D1D3-ED6B-40DB-9A37-CDED07CC565A}.Release|Any CPU.Build.0 = Release|Any CPU
		{1FFC8A15-8D63-4512-8450-CF314F474A12}.Debug|Any CPU.ActiveCfg = Debug|Any CPU
		{1FFC8A15-8D63-4512-8450-CF314F474A12}.Debug|Any CPU.Build.0 = Debug|Any CPU
		{1FFC8A15-8D63-4512-8450-CF314F474A12}.Release|Any CPU.ActiveCfg = Release|Any CPU
		{1FFC8A15-8D63-4512-8450-CF314F474A12}.Release|Any CPU.Build.0 = Release|Any CPU
		{B57AE085-86C4-4B58-988E-1A15CFA6E78E}.Debug|Any CPU.ActiveCfg = Debug|Any CPU
		{B57AE085-86C4-4B58-988E-1A15CFA6E78E}.Debug|Any CPU.Build.0 = Debug|Any CPU
		{B57AE085-86C4-4B58-988E-1A15CFA6E78E}.Release|Any CPU.ActiveCfg = Release|Any CPU
		{B57AE085-86C4-4B58-988E-1A15CFA6E78E}.Release|Any CPU.Build.0 = Release|Any CPU
		{4226F04C-50BF-4FD6-826B-A008CC2B7089}.Debug|Any CPU.ActiveCfg = Debug|Any CPU
		{4226F04C-50BF-4FD6-826B-A008CC2B7089}.Debug|Any CPU.Build.0 = Debug|Any CPU
		{4226F04C-50BF-4FD6-826B-A008CC2B7089}.Release|Any CPU.ActiveCfg = Release|Any CPU
		{4226F04C-50BF-4FD6-826B-A008CC2B7089}.Release|Any CPU.Build.0 = Release|Any CPU
		{9670F5BD-437F-483B-97A7-0CD57CBB25DE}.Debug|Any CPU.ActiveCfg = Debug|Any CPU
		{9670F5BD-437F-483B-97A7-0CD57CBB25DE}.Debug|Any CPU.Build.0 = Debug|Any CPU
		{9670F5BD-437F-483B-97A7-0CD57CBB25DE}.Release|Any CPU.ActiveCfg = Release|Any CPU
		{9670F5BD-437F-483B-97A7-0CD57CBB25DE}.Release|Any CPU.Build.0 = Release|Any CPU
		{9EC5B42B-B2ED-432A-9629-BA9816AEBFCF}.Debug|Any CPU.ActiveCfg = Debug|Any CPU
		{9EC5B42B-B2ED-432A-9629-BA9816AEBFCF}.Debug|Any CPU.Build.0 = Debug|Any CPU
		{9EC5B42B-B2ED-432A-9629-BA9816AEBFCF}.Release|Any CPU.ActiveCfg = Release|Any CPU
		{9EC5B42B-B2ED-432A-9629-BA9816AEBFCF}.Release|Any CPU.Build.0 = Release|Any CPU
	EndGlobalSection
	GlobalSection(SolutionProperties) = preSolution
		HideSolutionNode = FALSE
	EndGlobalSection
	GlobalSection(NestedProjects) = preSolution
		{15646E5D-C7AF-493E-921A-7E0884D0BDDF} = {D0D0C088-74FC-42EC-B157-AB2B807BB059}
		{14172847-12C6-4A62-8D15-902BBEAF3CFA} = {15646E5D-C7AF-493E-921A-7E0884D0BDDF}
		{64223F85-95E4-4B5C-8972-AE27B29165A1} = {D0D0C088-74FC-42EC-B157-AB2B807BB059}
		{77046E4F-10C7-4112-99E0-8C534FCBE88D} = {64223F85-95E4-4B5C-8972-AE27B29165A1}
		{BE2BB08B-E69A-4F91-8686-9156CF7EC591} = {D0D0C088-74FC-42EC-B157-AB2B807BB059}
		{7663D1D3-ED6B-40DB-9A37-CDED07CC565A} = {BE2BB08B-E69A-4F91-8686-9156CF7EC591}
		{1FFC8A15-8D63-4512-8450-CF314F474A12} = {BE2BB08B-E69A-4F91-8686-9156CF7EC591}
		{E7BC5A14-3F1B-433B-89E4-117577D8E816} = {D0D0C088-74FC-42EC-B157-AB2B807BB059}
		{B57AE085-86C4-4B58-988E-1A15CFA6E78E} = {E7BC5A14-3F1B-433B-89E4-117577D8E816}
		{4226F04C-50BF-4FD6-826B-A008CC2B7089} = {E7BC5A14-3F1B-433B-89E4-117577D8E816}
		{9670F5BD-437F-483B-97A7-0CD57CBB25DE} = {E7BC5A14-3F1B-433B-89E4-117577D8E816}
		{9EC5B42B-B2ED-432A-9629-BA9816AEBFCF} = {E7BC5A14-3F1B-433B-89E4-117577D8E816}
	EndGlobalSection
	GlobalSection(ExtensibilityGlobals) = postSolution
		SolutionGuid = {7AC325E7-2D70-47E7-ACE9-BE15D9250999}
	EndGlobalSection
EndGlobal
